schema: '2.0'
stages:
  load_data:
    cmd: python src/scripts/load_data.py data/raw/AirQualityUCI.csv data/processed/train_test_data.csv
    deps:
    - path: data/raw/AirQualityUCI.csv
      hash: md5
      md5: d73a902f5cd60ff9cd28ef6618bc3662
      size: 771335
    - path: src/scripts/load_data.py
      hash: md5
      md5: b5024beccf933ed3390133943c83a308
      size: 640
    outs:
    - path: data/processed/train_test_data.csv
      hash: md5
      md5: af449f8b75f44a2e29c0f2bf6e127695
      size: 917095
  preprocess:
    cmd: python src/scripts/preprocess_data.py data/processed/train_test_data.csv
      data/processed/X_train.csv data/processed/X_test.csv data/processed/y_train.csv
      data/processed/y_test.csv
    deps:
    - path: data/processed/train_test_data.csv
      hash: md5
      md5: af449f8b75f44a2e29c0f2bf6e127695
      size: 917095
    - path: src/scripts/preprocess_data.py
      hash: md5
      md5: 7ffd6bc17cba8244a674cece80de274a
      size: 2237
    outs:
    - path: data/processed/X_test.csv
      hash: md5
      md5: 2dcf531e2110c97c2c64bddc81eba8ba
      size: 370469
    - path: data/processed/X_train.csv
      hash: md5
      md5: 8332bd549e7fb80ea565673ac35df3b4
      size: 1478742
    - path: data/processed/y_test.csv
      hash: md5
      md5: 748f822d2dde53dc47fdfdb8e08d2c4c
      size: 8465
    - path: data/processed/y_train.csv
      hash: md5
      md5: b3ff2952b5ee87694901e5fad1d9e7d8
      size: 34031
  train:
    cmd: python src/scripts/train.py data/processed/X_train.csv data/processed/y_train.csv
      models/
    deps:
    - path: data/processed/X_train.csv
      hash: md5
      md5: 8332bd549e7fb80ea565673ac35df3b4
      size: 1478742
    - path: data/processed/y_train.csv
      hash: md5
      md5: b3ff2952b5ee87694901e5fad1d9e7d8
      size: 34031
    - path: src/scripts/train.py
      hash: md5
      md5: 013e82187753b4c618e3d7a60fff4fc2
      size: 2121
    outs:
    - path: models/Linear_Regression_degree_2.pkl
      hash: md5
      md5: 46dc049f5397769c9838606e78906a9a
      size: 2535
    - path: models/Linear_Regression_degree_3.pkl
      hash: md5
      md5: 8f56d6af8fe683ac1decd084cd10ea56
      size: 7111
    - path: models/Linear_Regression_degree_4.pkl
      hash: md5
      md5: eec31d2413293bfac5882dd8a924572e
      size: 23135
    - path: models/Random_Forest_n_100.pkl
      hash: md5
      md5: 7a271b2737b5309818d67b20bc0b97d8
      size: 5630583
  evaluate:
    cmd: python src/scripts/evaluate.py models/model.pkl data/processed/X_test.csv
      data/processed/y_test.csv
    deps:
    - path: data/processed/X_test.csv
      hash: md5
      md5: 539ec1892612fa4235099d8627b23037
      size: 370395
    - path: data/processed/y_test.csv
      hash: md5
      md5: 748f822d2dde53dc47fdfdb8e08d2c4c
      size: 8465
    - path: models/model.pkl
      hash: md5
      md5: ec1fc606b4081e8a2ad14e191a53683e
      size: 2455
    - path: src/scripts/evaluate.py
      hash: md5
      md5: 0b1ebe148449a02444bc43841b4cd3f8
      size: 1205
  evaluate_lr_degree_2:
    cmd: python src/scripts/evaluate.py models/Linear_Regression_degree_2.pkl data/processed/X_test.csv
      data/processed/y_test.csv
    deps:
    - path: data/processed/X_test.csv
      hash: md5
      md5: 2dcf531e2110c97c2c64bddc81eba8ba
      size: 370469
    - path: data/processed/y_test.csv
      hash: md5
      md5: 748f822d2dde53dc47fdfdb8e08d2c4c
      size: 8465
    - path: models/Linear_Regression_degree_2.pkl
      hash: md5
      md5: 46dc049f5397769c9838606e78906a9a
      size: 2535
    - path: src/scripts/evaluate.py
      hash: md5
      md5: b463bf4d630d492e2b5c47243aabf4ff
      size: 1199
  evaluate_lr_degree_3:
    cmd: python src/scripts/evaluate.py models/Linear_Regression_degree_3.pkl data/processed/X_test.csv
      data/processed/y_test.csv
    deps:
    - path: data/processed/X_test.csv
      hash: md5
      md5: 2dcf531e2110c97c2c64bddc81eba8ba
      size: 370469
    - path: data/processed/y_test.csv
      hash: md5
      md5: 748f822d2dde53dc47fdfdb8e08d2c4c
      size: 8465
    - path: models/Linear_Regression_degree_3.pkl
      hash: md5
      md5: 8f56d6af8fe683ac1decd084cd10ea56
      size: 7111
    - path: src/scripts/evaluate.py
      hash: md5
      md5: b463bf4d630d492e2b5c47243aabf4ff
      size: 1199
  evaluate_lr_degree_4:
    cmd: python src/scripts/evaluate.py models/Linear_Regression_degree_4.pkl data/processed/X_test.csv
      data/processed/y_test.csv
    deps:
    - path: data/processed/X_test.csv
      hash: md5
      md5: 2dcf531e2110c97c2c64bddc81eba8ba
      size: 370469
    - path: data/processed/y_test.csv
      hash: md5
      md5: 748f822d2dde53dc47fdfdb8e08d2c4c
      size: 8465
    - path: models/Linear_Regression_degree_4.pkl
      hash: md5
      md5: eec31d2413293bfac5882dd8a924572e
      size: 23135
    - path: src/scripts/evaluate.py
      hash: md5
      md5: b463bf4d630d492e2b5c47243aabf4ff
      size: 1199
  evaluate_Random_Forest_n_100:
    cmd: python src/scripts/evaluate.py models/Random_Forest_n_100.pkl data/processed/X_test.csv
      data/processed/y_test.csv
    deps:
    - path: data/processed/X_test.csv
      hash: md5
      md5: 2dcf531e2110c97c2c64bddc81eba8ba
      size: 370469
    - path: data/processed/y_test.csv
      hash: md5
      md5: 748f822d2dde53dc47fdfdb8e08d2c4c
      size: 8465
    - path: models/Random_Forest_n_100.pkl
      hash: md5
      md5: 7a271b2737b5309818d67b20bc0b97d8
      size: 5630583
    - path: src/scripts/evaluate.py
      hash: md5
      md5: b463bf4d630d492e2b5c47243aabf4ff
      size: 1199
  create_directories:
    cmd: python src/scripts/create_directories.py
